// !$*UTF8*$!
{
	archiveVersion = 1;
	classes = {
	};
	objectVersion = 50;
	objects = {

/* Begin PBXBuildFile section */
		DA47A01D1D793B987A5B683D /* Pods_HW_34_Networking_Part2.framework in Frameworks */ = {isa = PBXBuildFile; fileRef = 66866E51E20E6A5596AFEFBD /* Pods_HW_34_Networking_Part2.framework */; };
		E3C8D72021FEE0A200E34506 /* AppDelegate.swift in Sources */ = {isa = PBXBuildFile; fileRef = E3C8D71F21FEE0A200E34506 /* AppDelegate.swift */; };
		E3C8D72521FEE0A200E34506 /* Main.storyboard in Resources */ = {isa = PBXBuildFile; fileRef = E3C8D72321FEE0A200E34506 /* Main.storyboard */; };
		E3C8D72721FEE0B900E34506 /* Assets.xcassets in Resources */ = {isa = PBXBuildFile; fileRef = E3C8D72621FEE0B900E34506 /* Assets.xcassets */; };
		E3C8D72A21FEE0B900E34506 /* LaunchScreen.storyboard in Resources */ = {isa = PBXBuildFile; fileRef = E3C8D72821FEE0B900E34506 /* LaunchScreen.storyboard */; };
/* End PBXBuildFile section */

/* Begin PBXFileReference section */
		279EF0D661DA9C2F9BB64D52 /* Pods-HW_34_Networking_Part2.debug.xcconfig */ = {isa = PBXFileReference; includeInIndex = 1; lastKnownFileType = text.xcconfig; name = "Pods-HW_34_Networking_Part2.debug.xcconfig"; path = "Pods/Target Support Files/Pods-HW_34_Networking_Part2/Pods-HW_34_Networking_Part2.debug.xcconfig"; sourceTree = "<group>"; };
		66866E51E20E6A5596AFEFBD /* Pods_HW_34_Networking_Part2.framework */ = {isa = PBXFileReference; explicitFileType = wrapper.framework; includeInIndex = 0; path = Pods_HW_34_Networking_Part2.framework; sourceTree = BUILT_PRODUCTS_DIR; };
		9B9AE5DADE7D413CDBEADB46 /* Pods-HW_34_Networking_Part2.release.xcconfig */ = {isa = PBXFileReference; includeInIndex = 1; lastKnownFileType = text.xcconfig; name = "Pods-HW_34_Networking_Part2.release.xcconfig"; path = "Pods/Target Support Files/Pods-HW_34_Networking_Part2/Pods-HW_34_Networking_Part2.release.xcconfig"; sourceTree = "<group>"; };
		E3C8D71C21FEE0A200E34506 /* HW_34_Networking_Part2.app */ = {isa = PBXFileReference; explicitFileType = wrapper.application; includeInIndex = 0; path = HW_34_Networking_Part2.app; sourceTree = BUILT_PRODUCTS_DIR; };
		E3C8D71F21FEE0A200E34506 /* AppDelegate.swift */ = {isa = PBXFileReference; lastKnownFileType = sourcecode.swift; path = AppDelegate.swift; sourceTree = "<group>"; };
		E3C8D72421FEE0A200E34506 /* Base */ = {isa = PBXFileReference; lastKnownFileType = file.storyboard; name = Base; path = Base.lproj/Main.storyboard; sourceTree = "<group>"; };
		E3C8D72621FEE0B900E34506 /* Assets.xcassets */ = {isa = PBXFileReference; lastKnownFileType = folder.assetcatalog; path = Assets.xcassets; sourceTree = "<group>"; };
		E3C8D72921FEE0B900E34506 /* Base */ = {isa = PBXFileReference; lastKnownFileType = file.storyboard; name = Base; path = Base.lproj/LaunchScreen.storyboard; sourceTree = "<group>"; };
		E3C8D72B21FEE0B900E34506 /* Info.plist */ = {isa = PBXFileReference; lastKnownFileType = text.plist.xml; path = Info.plist; sourceTree = "<group>"; };
/* End PBXFileReference section */

/* Begin PBXFrameworksBuildPhase section */
		E3C8D71921FEE0A200E34506 /* Frameworks */ = {
			isa = PBXFrameworksBuildPhase;
			buildActionMask = 2147483647;
			files = (
				DA47A01D1D793B987A5B683D /* Pods_HW_34_Networking_Part2.framework in Frameworks */,
			);
			runOnlyForDeploymentPostprocessing = 0;
		};
/* End PBXFrameworksBuildPhase section */

/* Begin PBXGroup section */
		AB4BF2B358E1B9BD7BB96EE5 /* Frameworks */ = {
			isa = PBXGroup;
			children = (
				66866E51E20E6A5596AFEFBD /* Pods_HW_34_Networking_Part2.framework */,
			);
			name = Frameworks;
			sourceTree = "<group>";
		};
		E3C8D71321FEE0A200E34506 = {
			isa = PBXGroup;
			children = (
				E3C8D71E21FEE0A200E34506 /* HW_34_Networking_Part2 */,
				E3C8D71D21FEE0A200E34506 /* Products */,
				FB86CC2272CA4396C1D58159 /* Pods */,
				AB4BF2B358E1B9BD7BB96EE5 /* Frameworks */,
			);
			sourceTree = "<group>";
		};
		E3C8D71D21FEE0A200E34506 /* Products */ = {
			isa = PBXGroup;
			children = (
				E3C8D71C21FEE0A200E34506 /* HW_34_Networking_Part2.app */,
			);
			name = Products;
			sourceTree = "<group>";
		};
		E3C8D71E21FEE0A200E34506 /* HW_34_Networking_Part2 */ = {
			isa = PBXGroup;
			children = (
				E3C8D73421FEE1F700E34506 /* Supporting Files */,
				E3C8D73321FEE1F400E34506 /* Models */,
				E3C8D73221FEE1F200E34506 /* Views */,
				E3C8D73121FEE1F000E34506 /* Controllers */,
			);
			path = HW_34_Networking_Part2;
			sourceTree = "<group>";
		};
		E3C8D73121FEE1F000E34506 /* Controllers */ = {
			isa = PBXGroup;
			children = (
				E3C8D72321FEE0A200E34506 /* Main.storyboard */,
			);
			path = Controllers;
			sourceTree = "<group>";
		};
		E3C8D73221FEE1F200E34506 /* Views */ = {
			isa = PBXGroup;
			children = (
			);
			path = Views;
			sourceTree = "<group>";
		};
		E3C8D73321FEE1F400E34506 /* Models */ = {
			isa = PBXGroup;
			children = (
			);
			path = Models;
			sourceTree = "<group>";
		};
		E3C8D73421FEE1F700E34506 /* Supporting Files */ = {
			isa = PBXGroup;
			children = (
				E3C8D71F21FEE0A200E34506 /* AppDelegate.swift */,
				E3C8D72621FEE0B900E34506 /* Assets.xcassets */,
				E3C8D72821FEE0B900E34506 /* LaunchScreen.storyboard */,
				E3C8D72B21FEE0B900E34506 /* Info.plist */,
			);
			name = "Supporting Files";
			sourceTree = "<group>";
		};
		FB86CC2272CA4396C1D58159 /* Pods */ = {
			isa = PBXGroup;
			children = (
				279EF0D661DA9C2F9BB64D52 /* Pods-HW_34_Networking_Part2.debug.xcconfig */,
				9B9AE5DADE7D413CDBEADB46 /* Pods-HW_34_Networking_Part2.release.xcconfig */,
			);
			name = Pods;
			sourceTree = "<group>";
		};
/* End PBXGroup section */

/* Begin PBXNativeTarget section */
		E3C8D71B21FEE0A200E34506 /* HW_34_Networking_Part2 */ = {
			isa = PBXNativeTarget;
			buildConfigurationList = E3C8D72E21FEE0B900E34506 /* Build configuration list for PBXNativeTarget "HW_34_Networking_Part2" */;
			buildPhases = (
				B1286633C130C85E157DA001 /* [CP] Check Pods Manifest.lock */,
				E3C8D71821FEE0A200E34506 /* Sources */,
				E3C8D71921FEE0A200E34506 /* Frameworks */,
				E3C8D71A21FEE0A200E34506 /* Resources */,
			);
			buildRules = (
			);
			dependencies = (
			);
			name = HW_34_Networking_Part2;
			productName = HW_34_Networking_Part2;
			productReference = E3C8D71C21FEE0A200E34506 /* HW_34_Networking_Part2.app */;
			productType = "com.apple.product-type.application";
		};
/* End PBXNativeTarget section */

/* Begin PBXProject section */
		E3C8D71421FEE0A200E34506 /* Project object */ = {
			isa = PBXProject;
			attributes = {
				LastSwiftUpdateCheck = 1010;
				LastUpgradeCheck = 1010;
				ORGANIZATIONNAME = "Oleg Dynnikov";
				TargetAttributes = {
					E3C8D71B21FEE0A200E34506 = {
						CreatedOnToolsVersion = 10.1;
					};
				};
			};
			buildConfigurationList = E3C8D71721FEE0A200E34506 /* Build configuration list for PBXProject "HW_34_Networking_Part2" */;
			compatibilityVersion = "Xcode 9.3";
			developmentRegion = en;
			hasScannedForEncodings = 0;
			knownRegions = (
				en,
				Base,
			);
			mainGroup = E3C8D71321FEE0A200E34506;
			productRefGroup = E3C8D71D21FEE0A200E34506 /* Products */;
			projectDirPath = "";
			projectRoot = "";
			targets = (
				E3C8D71B21FEE0A200E34506 /* HW_34_Networking_Part2 */,
			);
		};
/* End PBXProject section */

/* Begin PBXResourcesBuildPhase section */
		E3C8D71A21FEE0A200E34506 /* Resources */ = {
			isa = PBXResourcesBuildPhase;
			buildActionMask = 2147483647;
			files = (
				E3C8D72A21FEE0B900E34506 /* LaunchScreen.storyboard in Resources */,
				E3C8D72721FEE0B900E34506 /* Assets.xcassets in Resources */,
				E3C8D72521FEE0A200E34506 /* Main.storyboard in Resources */,
			);
			runOnlyForDeploymentPostprocessing = 0;
		};
/* End PBXResourcesBuildPhase section */

/* Begin PBXShellScriptBuildPhase section */
		B1286633C130C85E157DA001 /* [CP] Check Pods Manifest.lock */ = {
			isa = PBXShellScriptBuildPhase;
			buildActionMask = 2147483647;
			files = (
			);
			inputFileListPaths = (
			);
			inputPaths = (
				"${PODS_PODFILE_DIR_PATH}/Podfile.lock",
				"${PODS_ROOT}/Manifest.lock",
			);
			name = "[CP] Check Pods Manifest.lock";
			outputFileListPaths = (
			);
			outputPaths = (
				"$(DERIVED_FILE_DIR)/Pods-HW_34_Networking_Part2-checkManifestLockResult.txt",
			);
			runOnlyForDeploymentPostprocessing = 0;
			shellPath = /bin/sh;
			shellScript = "diff \"${PODS_PODFILE_DIR_PATH}/Podfile.lock\" \"${PODS_ROOT}/Manifest.lock\" > /dev/null\nif [ $? != 0 ] ; then\n    # print error to STDERR\n    echo \"error: The sandbox is not in sync with the Podfile.lock. Run 'pod install' or update your CocoaPods installation.\" >&2\n    exit 1\nfi\n# This output is used by Xcode 'outputs' to avoid re-running this script phase.\necho \"SUCCESS\" > \"${SCRIPT_OUTPUT_FILE_0}\"\n";
			showEnvVarsInLog = 0;
		};
/* End PBXShellScriptBuildPhase section */

/* Begin PBXSourcesBuildPhase section */
		E3C8D71821FEE0A200E34506 /* Sources */ = {
			isa = PBXSourcesBuildPhase;
			buildActionMask = 2147483647;
			files = (
				E3C8D72021FEE0A200E34506 /* AppDelegate.swift in Sources */,
			);
			runOnlyForDeploymentPostprocessing = 0;
		};
/* End PBXSourcesBuildPhase section */

/* Begin PBXVariantGroup section */
		E3C8D72321FEE0A200E34506 /* Main.storyboard */ = {
			isa = PBXVariantGroup;
			children = (
				E3C8D72421FEE0A200E34506 /* Base */,
			);
			name = Main.storyboard;
			sourceTree = "<group>";
		};
		E3C8D72821FEE0B900E34506 /* LaunchScreen.storyboard */ = {
			isa = PBXVariantGroup;
			children = (
				E3C8D72921FEE0B900E34506 /* Base */,
			);
			name = LaunchScreen.storyboard;
			sourceTree = "<group>";
		};
/* End PBXVariantGroup section */

/* Begin XCBuildConfiguration section */
		E3C8D72C21FEE0B900E34506 /* Debug */ = {
			isa = XCBuildConfiguration;
			buildSettings = {
				ALWAYS_SEARCH_USER_PATHS = NO;
				CLANG_ANALYZER_NONNULL = YES;
				CLANG_ANALYZER_NUMBER_OBJECT_CONVERSION = YES_AGGRESSIVE;
				CLANG_CXX_LANGUAGE_STANDARD = "gnu++14";
				CLANG_CXX_LIBRARY = "libc++";
				CLANG_ENABLE_MODULES = YES;
				CLANG_ENABLE_OBJC_ARC = YES;
				CLANG_ENABLE_OBJC_WEAK = YES;
				CLANG_WARN_BLOCK_CAPTURE_AUTORELEASING = YES;
				CLANG_WARN_BOOL_CONVERSION = YES;
				CLANG_WARN_COMMA = YES;
				CLANG_WARN_CONSTANT_CONVERSION = YES;
				CLANG_WARN_DEPRECATED_OBJC_IMPLEMENTATIONS = YES;
				CLANG_WARN_DIRECT_OBJC_ISA_USAGE = YES_ERROR;
				CLANG_WARN_DOCUMENTATION_COMMENTS = YES;
				CLANG_WARN_EMPTY_BODY = YES;
				CLANG_WARN_ENUM_CONVERSION = YES;
				CLANG_WARN_INFINITE_RECURSION = YES;
				CLANG_WARN_INT_CONVERSION = YES;
				CLANG_WARN_NON_LITERAL_NULL_CONVERSION = YES;
				CLANG_WARN_OBJC_IMPLICIT_RETAIN_SELF = YES;
				CLANG_WARN_OBJC_LITERAL_CONVERSION = YES;
				CLANG_WARN_OBJC_ROOT_CLASS = YES_ERROR;
				CLANG_WARN_RANGE_LOOP_ANALYSIS = YES;
				CLANG_WARN_STRICT_PROTOTYPES = YES;
				CLANG_WARN_SUSPICIOUS_MOVE = YES;
				CLANG_WARN_UNGUARDED_AVAILABILITY = YES_AGGRESSIVE;
				CLANG_WARN_UNREACHABLE_CODE = YES;
				CLANG_WARN__DUPLICATE_METHOD_MATCH = YES;
				CODE_SIGN_IDENTITY = "iPhone Developer";
				COPY_PHASE_STRIP = NO;
				DEBUG_INFORMATION_FORMAT = dwarf;
				ENABLE_STRICT_OBJC_MSGSEND = YES;
				ENABLE_TESTABILITY = YES;
				GCC_C_LANGUAGE_STANDARD = gnu11;
				GCC_DYNAMIC_NO_PIC = NO;
				GCC_NO_COMMON_BLOCKS = YES;
				GCC_OPTIMIZATION_LEVEL = 0;
				GCC_PREPROCESSOR_DEFINITIONS = (
					"DEBUG=1",
					"$(inherited)",
				);
				GCC_WARN_64_TO_32_BIT_CONVERSION = YES;
				GCC_WARN_ABOUT_RETURN_TYPE = YES_ERROR;
				GCC_WARN_UNDECLARED_SELECTOR = YES;
				GCC_WARN_UNINITIALIZED_AUTOS = YES_AGGRESSIVE;
				GCC_WARN_UNUSED_FUNCTION = YES;
				GCC_WARN_UNUSED_VARIABLE = YES;
				IPHONEOS_DEPLOYMENT_TARGET = 12.1;
				MTL_ENABLE_DEBUG_INFO = INCLUDE_SOURCE;
				MTL_FAST_MATH = YES;
				ONLY_ACTIVE_ARCH = YES;
				SDKROOT = iphoneos;
				SWIFT_ACTIVE_COMPILATION_CONDITIONS = DEBUG;
				SWIFT_OPTIMIZATION_LEVEL = "-Onone";
			};
			name = Debug;
		};
		E3C8D72D21FEE0B900E34506 /* Release */ = {
			isa = XCBuildConfiguration;
			buildSettings = {
				ALWAYS_SEARCH_USER_PATHS = NO;
				CLANG_ANALYZER_NONNULL = YES;
				CLANG_ANALYZER_NUMBER_OBJECT_CONVERSION = YES_AGGRESSIVE;
				CLANG_CXX_LANGUAGE_STANDARD = "gnu++14";
				CLANG_CXX_LIBRARY = "libc++";
				CLANG_ENABLE_MODULES = YES;
				CLANG_ENABLE_OBJC_ARC = YES;
				CLANG_ENABLE_OBJC_WEAK = YES;
				CLANG_WARN_BLOCK_CAPTURE_AUTORELEASING = YES;
				CLANG_WARN_BOOL_CONVERSION = YES;
				CLANG_WARN_COMMA = YES;
				CLANG_WARN_CONSTANT_CONVERSION = YES;
				CLANG_WARN_DEPRECATED_OBJC_IMPLEMENTATIONS = YES;
				CLANG_WARN_DIRECT_OBJC_ISA_USAGE = YES_ERROR;
				CLANG_WARN_DOCUMENTATION_COMMENTS = YES;
				CLANG_WARN_EMPTY_BODY = YES;
				CLANG_WARN_ENUM_CONVERSION = YES;
				CLANG_WARN_INFINITE_RECURSION = YES;
				CLANG_WARN_INT_CONVERSION = YES;
				CLANG_WARN_NON_LITERAL_NULL_CONVERSION = YES;
				CLANG_WARN_OBJC_IMPLICIT_RETAIN_SELF = YES;
				CLANG_WARN_OBJC_LITERAL_CONVERSION = YES;
				CLANG_WARN_OBJC_ROOT_CLASS = YES_ERROR;
				CLANG_WARN_RANGE_LOOP_ANALYSIS = YES;
				CLANG_WARN_STRICT_PROTOTYPES = YES;
				CLANG_WARN_SUSPICIOUS_MOVE = YES;
				CLANG_WARN_UNGUARDED_AVAILABILITY = YES_AGGRESSIVE;
				CLANG_WARN_UNREACHABLE_CODE = YES;
				CLANG_WARN__DUPLICATE_METHOD_MATCH = YES;
				CODE_SIGN_IDENTITY = "iPhone Developer";
				COPY_PHASE_STRIP = NO;
				DEBUG_INFORMATION_FORMAT = "dwarf-with-dsym";
				ENABLE_NS_ASSERTIONS = NO;
				ENABLE_STRICT_OBJC_MSGSEND = YES;
				GCC_C_LANGUAGE_STANDARD = gnu11;
				GCC_NO_COMMON_BLOCKS = YES;
				GCC_WARN_64_TO_32_BIT_CONVERSION = YES;
				GCC_WARN_ABOUT_RETURN_TYPE = YES_ERROR;
				GCC_WARN_UNDECLARED_SELECTOR = YES;
				GCC_WARN_UNINITIALIZED_AUTOS = YES_AGGRESSIVE;
				GCC_WARN_UNUSED_FUNCTION = YES;
				GCC_WARN_UNUSED_VARIABLE = YES;
				IPHONEOS_DEPLOYMENT_TARGET = 12.1;
				MTL_ENABLE_DEBUG_INFO = NO;
				MTL_FAST_MATH = YES;
				SDKROOT = iphoneos;
				SWIFT_COMPILATION_MODE = wholemodule;
				SWIFT_OPTIMIZATION_LEVEL = "-O";
				VALIDATE_PRODUCT = YES;
			};
			name = Release;
		};
		E3C8D72F21FEE0B900E34506 /* Debug */ = {
			isa = XCBuildConfiguration;
			baseConfigurationReference = 279EF0D661DA9C2F9BB64D52 /* Pods-HW_34_Networking_Part2.debug.xcconfig */;
			buildSettings = {
				ASSETCATALOG_COMPILER_APPICON_NAME = AppIcon;
				CODE_SIGN_STYLE = Automatic;
				DEVELOPMENT_TEAM = 7DHY489D4E;
				INFOPLIST_FILE = HW_34_Networking_Part2/Info.plist;
				LD_RUNPATH_SEARCH_PATHS = (
					"$(inherited)",
					"@executable_path/Frameworks",
				);
				PRODUCT_BUNDLE_IDENTIFIER = "IM.HW-34-Networking-Part2";
				PRODUCT_NAME = "$(TARGET_NAME)";
				SWIFT_VERSION = 4.2;
				TARGETED_DEVICE_FAMILY = "1,2";
			};
			name = Debug;
		};
		E3C8D73021FEE0B900E34506 /* Release */ = {
			isa = XCBuildConfiguration;
			baseConfigurationReference = 9B9AE5DADE7D413CDBEADB46 /* Pods-HW_34_Networking_Part2.release.xcconfig */;
			buildSettings = {
				ASSETCATALOG_COMPILER_APPICON_NAME = AppIcon;
				CODE_SIGN_STYLE = Automatic;
				DEVELOPMENT_TEAM = 7DHY489D4E;
				INFOPLIST_FILE = HW_34_Networking_Part2/Info.plist;
				LD_RUNPATH_SEARCH_PATHS = (
					"$(inherited)",
					"@executable_path/Frameworks",
				);
				PRODUCT_BUNDLE_IDENTIFIER = "IM.HW-34-Networking-Part2";
				PRODUCT_NAME = "$(TARGET_NAME)";
				SWIFT_VERSION = 4.2;
				TARGETED_DEVICE_FAMILY = "1,2";
			};
			name = Release;
		};
/* End XCBuildConfiguration section */

/* Begin XCConfigurationList section */
		E3C8D71721FEE0A200E34506 /* Build configuration list for PBXProject "HW_34_Networking_Part2" */ = {
			isa = XCConfigurationList;
			buildConfigurations = (
				E3C8D72C21FEE0B900E34506 /* Debug */,
				E3C8D72D21FEE0B900E34506 /* Release */,
			);
			defaultConfigurationIsVisible = 0;
			defaultConfigurationName = Release;
		};
		E3C8D72E21FEE0B900E34506 /* Build configuration list for PBXNativeTarget "HW_34_Networking_Part2" */ = {
			isa = XCConfigurationList;
			buildConfigurations = (
				E3C8D72F21FEE0B900E34506 /* Debug */,
				E3C8D73021FEE0B900E34506 /* Release */,
			);
			defaultConfigurationIsVisible = 0;
			defaultConfigurationName = Release;
		};
/* End XCConfigurationList section */
	};
	rootObject = E3C8D71421FEE0A200E34506 /* Project object */;
}
